
Microsoft Visual Studio Solution File, Format Version 12.00
# Visual Studio Version 16
VisualStudioVersion = 16.0.29424.173
MinimumVisualStudioVersion = 10.0.40219.1
Project("{FAE04EC0-301F-11D3-BF4B-00C04F79EFBC}") = "ETicaret_WebUI", "ETicaret_WebUI\ETicaret_WebUI.csproj", "{89D844E4-2AB3-4D0A-A072-AAB0505F8C83}"
EndProject
Project("{FAE04EC0-301F-11D3-BF4B-00C04F79EFBC}") = "E_Ticaret_Dal", "E_Ticaret_Dal\E_Ticaret_Dal.csproj", "{3D8C1E05-AD1B-46F8-A9E0-0EA1C7706D3B}"
EndProject
Global
	GlobalSection(SolutionConfigurationPlatforms) = preSolution
		Debug|Any CPU = Debug|Any CPU
		Release|Any CPU = Release|Any CPU
	EndGlobalSection
	GlobalSection(ProjectConfigurationPlatforms) = postSolution
		{89D844E4-2AB3-4D0A-A072-AAB0505F8C83}.Debug|Any CPU.ActiveCfg = Debug|Any CPU
		{89D844E4-2AB3-4D0A-A072-AAB0505F8C83}.Debug|Any CPU.Build.0 = Debug|Any CPU
		{89D844E4-2AB3-4D0A-A072-AAB0505F8C83}.Release|Any CPU.ActiveCfg = Release|Any CPU
		{89D844E4-2AB3-4D0A-A072-AAB0505F8C83}.Release|Any CPU.Build.0 = Release|Any CPU
		{3D8C1E05-AD1B-46F8-A9E0-0EA1C7706D3B}.Debug|Any CPU.ActiveCfg = Debug|Any CPU
		{3D8C1E05-AD1B-46F8-A9E0-0EA1C7706D3B}.Debug|Any CPU.Build.0 = Debug|Any CPU
		{3D8C1E05-AD1B-46F8-A9E0-0EA1C7706D3B}.Release|Any CPU.ActiveCfg = Release|Any CPU
		{3D8C1E05-AD1B-46F8-A9E0-0EA1C7706D3B}.Release|Any CPU.Build.0 = Release|Any CPU
	EndGlobalSection
	GlobalSection(SolutionProperties) = preSolution
		HideSolutionNode = FALSE
	EndGlobalSection
	GlobalSection(ExtensibilityGlobals) = postSolution
		SolutionGuid = {35023C04-F0FA-4219-B4CC-1E0318668F1C}
	EndGlobalSection
EndGlobal
